
Microsoft Visual Studio Solution File, Format Version 12.00
# Visual Studio Version 16
VisualStudioVersion = 16.0.29025.244
MinimumVisualStudioVersion = 10.0.40219.1
Project("{FAE04EC0-301F-11D3-BF4B-00C04F79EFBC}") = "WebApplication1", "WebApplication1\WebApplication1.csproj", "{AEE42047-FAC9-45D9-BAE7-8CECB00316C4}"
EndProject
Global
	GlobalSection(SolutionConfigurationPlatforms) = preSolution
		Debug|Any CPU = Debug|Any CPU
		Release|Any CPU = Release|Any CPU
	EndGlobalSection
	GlobalSection(ProjectConfigurationPlatforms) = postSolution
		{AEE42047-FAC9-45D9-BAE7-8CECB00316C4}.Debug|Any CPU.ActiveCfg = Debug|Any CPU
		{AEE42047-FAC9-45D9-BAE7-8CECB00316C4}.Debug|Any CPU.Build.0 = Debug|Any CPU
		{AEE42047-FAC9-45D9-BAE7-8CECB00316C4}.Release|Any CPU.ActiveCfg = Release|Any CPU
		{AEE42047-FAC9-45D9-BAE7-8CECB00316C4}.Release|Any CPU.Build.0 = Release|Any CPU
	EndGlobalSection
	GlobalSection(SolutionProperties) = preSolution
		HideSolutionNode = FALSE
	EndGlobalSection
	GlobalSection(ExtensibilityGlobals) = postSolution
		SolutionGuid = {2D9BBBDB-02EB-4FCC-A0BB-FD0CA708D49B}
	EndGlobalSection
EndGlobal
